Microsoft Visual Studio Solution File, Format Version 12.00
# Visual Studio Version 17
VisualStudioVersion = 17.5.2.0
MinimumVisualStudioVersion = 10.0.40219.1
Project("{FAE04EC0-301F-11D3-BF4B-00C04F79EFBC}") = "AulaMetodoHttp", "AulaMetodoHttp.csproj", "{74B949C4-0304-4BBC-2D2D-5C320330E5C2}"
EndProject
Global
	GlobalSection(SolutionConfigurationPlatforms) = preSolution
		Debug|Any CPU = Debug|Any CPU
		Release|Any CPU = Release|Any CPU
	EndGlobalSection
	GlobalSection(ProjectConfigurationPlatforms) = postSolution
		{74B949C4-0304-4BBC-2D2D-5C320330E5C2}.Debug|Any CPU.ActiveCfg = Debug|Any CPU
		{74B949C4-0304-4BBC-2D2D-5C320330E5C2}.Debug|Any CPU.Build.0 = Debug|Any CPU
		{74B949C4-0304-4BBC-2D2D-5C320330E5C2}.Release|Any CPU.ActiveCfg = Release|Any CPU
		{74B949C4-0304-4BBC-2D2D-5C320330E5C2}.Release|Any CPU.Build.0 = Release|Any CPU
	EndGlobalSection
	GlobalSection(SolutionProperties) = preSolution
		HideSolutionNode = FALSE
	EndGlobalSection
	GlobalSection(ExtensibilityGlobals) = postSolution
		SolutionGuid = {2C390FF8-BFEC-4B9B-A188-37F7B1D18F7C}
	EndGlobalSection
EndGlobal
